{
  "name": "@openclaw/totp",
  "version": "1.0.0",
  "lockfileVersion": 3,
  "requires": true,
  "packages": {
    "": {
      "name": "@openclaw/totp",
      "version": "1.0.0",
      "license": "MIT",
      "dependencies": {
        "otpauth": "^9.3.6"
      },
      "bin": {
        "totp": "totp.mjs"
      }
    },
    "node_modules/@noble/hashes": {
      "version": "1.8.0",
      "resolved": "https://registry.npmjs.org/@noble/hashes/-/hashes-1.8.0.tgz",
      "integrity": "sha512-jCs9ldd7NwzpgXDIf6P3+NrHh9/sD6CQdxHyjQI+h/6rDNo88ypBxxz45UDuZHz9r3tNz7N/VInSVoVdtXEI4A==",
      "license": "MIT",
      "engines": {
        "node": "^14.21.3 || >=16"
      },
      "funding": {
        "url": "https://paulmillr.com/funding/"
      }
    },
    "node_modules/otpauth": {
      "version": "9.4.1",
      "resolved": "https://registry.npmjs.org/otpauth/-/otpauth-9.4.1.tgz",
      "integrity": "sha512-+iVvys36CFsyXEqfNftQm1II7SW23W1wx9RwNk0Cd97lbvorqAhBDksb/0bYry087QMxjiuBS0wokdoZ0iUeAw==",
      "license": "MIT",
      "dependencies": {
        "@noble/hashes": "1.8.0"
      },
      "funding": {
        "url": "https://github.com/hectorm/otpauth?sponsor=1"
      }
    }
  }
}
